
Microsoft Visual Studio Solution File, Format Version 12.00
# Visual Studio Version 16
VisualStudioVersion = 16.0.29324.140
MinimumVisualStudioVersion = 10.0.40219.1
Project("{9A19103F-16F7-4668-BE54-9A1E7A4F7556}") = "PodLabs.Core", "PodLabs.Core\PodLabs.Core.csproj", "{0D896185-C6A1-4CF0-968F-1F66AE335F1E}"
EndProject
Project("{9A19103F-16F7-4668-BE54-9A1E7A4F7556}") = "PodLabs.UnitTest", "PodLabs.UnitTest\PodLabs.UnitTest.csproj", "{9D3C8CFA-E21E-47B4-9A5D-6A6B664514F6}"
EndProject
Project("{9A19103F-16F7-4668-BE54-9A1E7A4F7556}") = "PodLabs.KmConsole", "PodLabs.KmConsole\PodLabs.KmConsole.csproj", "{861C4242-8FDA-428F-8E70-2E23FAA3D038}"
EndProject
Project("{9A19103F-16F7-4668-BE54-9A1E7A4F7556}") = "PodLabs.Web", "PodLabs.Web\PodLabs.Web.csproj", "{6C29A46A-72BA-4FDE-922A-2544EE75A949}"
EndProject
Project("{FAE04EC0-301F-11D3-BF4B-00C04F79EFBC}") = "PodLabs.CorpConsole", "PodLabs.CorpConsole\PodLabs.CorpConsole.csproj", "{77DD6E7F-74E2-433E-AACD-EDF9A59FE728}"
EndProject
Global
	GlobalSection(SolutionConfigurationPlatforms) = preSolution
		Debug|Any CPU = Debug|Any CPU
		Release|Any CPU = Release|Any CPU
	EndGlobalSection
	GlobalSection(ProjectConfigurationPlatforms) = postSolution
		{0D896185-C6A1-4CF0-968F-1F66AE335F1E}.Debug|Any CPU.ActiveCfg = Debug|Any CPU
		{0D896185-C6A1-4CF0-968F-1F66AE335F1E}.Debug|Any CPU.Build.0 = Debug|Any CPU
		{0D896185-C6A1-4CF0-968F-1F66AE335F1E}.Release|Any CPU.ActiveCfg = Release|Any CPU
		{0D896185-C6A1-4CF0-968F-1F66AE335F1E}.Release|Any CPU.Build.0 = Release|Any CPU
		{9D3C8CFA-E21E-47B4-9A5D-6A6B664514F6}.Debug|Any CPU.ActiveCfg = Debug|Any CPU
		{9D3C8CFA-E21E-47B4-9A5D-6A6B664514F6}.Debug|Any CPU.Build.0 = Debug|Any CPU
		{9D3C8CFA-E21E-47B4-9A5D-6A6B664514F6}.Release|Any CPU.ActiveCfg = Release|Any CPU
		{9D3C8CFA-E21E-47B4-9A5D-6A6B664514F6}.Release|Any CPU.Build.0 = Release|Any CPU
		{861C4242-8FDA-428F-8E70-2E23FAA3D038}.Debug|Any CPU.ActiveCfg = Debug|Any CPU
		{861C4242-8FDA-428F-8E70-2E23FAA3D038}.Debug|Any CPU.Build.0 = Debug|Any CPU
		{861C4242-8FDA-428F-8E70-2E23FAA3D038}.Release|Any CPU.ActiveCfg = Release|Any CPU
		{861C4242-8FDA-428F-8E70-2E23FAA3D038}.Release|Any CPU.Build.0 = Release|Any CPU
		{6C29A46A-72BA-4FDE-922A-2544EE75A949}.Debug|Any CPU.ActiveCfg = Debug|Any CPU
		{6C29A46A-72BA-4FDE-922A-2544EE75A949}.Debug|Any CPU.Build.0 = Debug|Any CPU
		{6C29A46A-72BA-4FDE-922A-2544EE75A949}.Release|Any CPU.ActiveCfg = Release|Any CPU
		{6C29A46A-72BA-4FDE-922A-2544EE75A949}.Release|Any CPU.Build.0 = Release|Any CPU
		{77DD6E7F-74E2-433E-AACD-EDF9A59FE728}.Debug|Any CPU.ActiveCfg = Debug|Any CPU
		{77DD6E7F-74E2-433E-AACD-EDF9A59FE728}.Debug|Any CPU.Build.0 = Debug|Any CPU
		{77DD6E7F-74E2-433E-AACD-EDF9A59FE728}.Release|Any CPU.ActiveCfg = Release|Any CPU
		{77DD6E7F-74E2-433E-AACD-EDF9A59FE728}.Release|Any CPU.Build.0 = Release|Any CPU
	EndGlobalSection
	GlobalSection(SolutionProperties) = preSolution
		HideSolutionNode = FALSE
	EndGlobalSection
	GlobalSection(ExtensibilityGlobals) = postSolution
		SolutionGuid = {F1CA11DA-FB40-4043-BB3F-9CDFC96D72D0}
	EndGlobalSection
EndGlobal
